github.com/Lunkov/go-btcec v0.0.0-20230525101159-f058a4a0edc0 h1:KiSpKZlAnCA6AxKOSUDLcl9ItKormWOgux6M6A5MYgs=
github.com/Lunkov/go-btcec v0.0.0-20230525101159-f058a4a0edc0/go.mod h1:Mwvg6Kq37lDGEiq1JWp27mQPpc4QaJTt/XmT/o5/W/E=
github.com/Lunkov/go-ecos-client/utils v0.0.0-20230822124042-51c4ac7be4b7 h1:5No4eq/2S2xhX5cK6qbaYfzPqJpO5KSo14oM2mgarJY=
github.com/Lunkov/go-ecos-client/utils v0.0.0-20230822124042-51c4ac7be4b7/go.mod h1:UmnfjLw6ls1772R43t52oB5eUAnTxdKfSQ3TiW43/SQ=
github.com/decred/dcrd/crypto/blake256 v1.0.0/go.mod h1:sQl2p6Y26YV+ZOcSTP6thNdn47hh8kt6rqSlvmrXFAc=
github.com/decred/dcrd/dcrec/secp256k1/v4 v4.0.1 h1:YLtO71vCjJRCBcrPMtQ9nqBsqpA1m5sE92cU+pd5Mcc=
github.com/decred/dcrd/dcrec/secp256k1/v4 v4.0.1/go.mod h1:hyedUtir6IdtD/7lIxGeCxkaw7y45JueMRL4DIyJDKs=
golang.org/x/crypto v0.12.0 h1:tFM/ta59kqch6LlvYnPa0yx5a83cL2nHflFhYKvv9Yk=
golang.org/x/crypto v0.12.0/go.mod h1:NF0Gs7EO5K4qLn+Ylc+fih8BSTeIjAP05siRnAh98yw=
golang.org/x/sys v0.11.0 h1:eG7RXZHdqOJ1i+0lgLgCpSXAp6M3LYlAo6osgSi0xOM=
golang.org/x/sys v0.11.0/go.mod h1:oPkhp1MJrh7nUepCBck5+mAzfO9JrbApNNgaTdGDITg=
gopkg.in/check.v1 v0.0.0-20161208181325-20d25e280405/go.mod h1:Co6ibVJAznAaIkqp8huTwlJQCZ016jof/cbN4VW5Yz0=
gopkg.in/yaml.v3 v3.0.1 h1:fxVm/GzAzEWqLHuvctI91KS9hhNmmWOoWu0XTYJS7CA=
gopkg.in/yaml.v3 v3.0.1/go.mod h1:K4uyk7z7BCEPqu6E+C64Yfv1cQ7kz7rIZviUmN+EgEM=
