github.com/Lunkov/go-btcec v0.0.0-20230525101159-f058a4a0edc0 h1:KiSpKZlAnCA6AxKOSUDLcl9ItKormWOgux6M6A5MYgs=
github.com/Lunkov/go-btcec v0.0.0-20230525101159-f058a4a0edc0/go.mod h1:Mwvg6Kq37lDGEiq1JWp27mQPpc4QaJTt/XmT/o5/W/E=
github.com/Lunkov/go-ecos-client/utils v0.0.0-20230528193409-f795e4a6159a h1:U2QhcloeDWYSeIRnHgCk41Sw3w23pBLTWzOHIia0Jmo=
github.com/Lunkov/go-ecos-client/utils v0.0.0-20230528193409-f795e4a6159a/go.mod h1:6hrghuTco0clmGzyh/qJIIUywG0L3EZlqbPrwLFAJUY=
github.com/Lunkov/lib-cipher v0.0.0-20230420102046-39f2f16e9d29 h1:Ss1s5rYXUt6XpU7HtvdBGy3CJIM7yPqMPyDRNw5OG0M=
github.com/Lunkov/lib-cipher v0.0.0-20230420102046-39f2f16e9d29/go.mod h1:Ck4M+EAHKq9/elooZ88cNUPTLI05cg0YRlb0gnaQyLU=
github.com/decred/dcrd/crypto/blake256 v1.0.0/go.mod h1:sQl2p6Y26YV+ZOcSTP6thNdn47hh8kt6rqSlvmrXFAc=
github.com/decred/dcrd/dcrec/secp256k1/v4 v4.0.1 h1:YLtO71vCjJRCBcrPMtQ9nqBsqpA1m5sE92cU+pd5Mcc=
github.com/decred/dcrd/dcrec/secp256k1/v4 v4.0.1/go.mod h1:hyedUtir6IdtD/7lIxGeCxkaw7y45JueMRL4DIyJDKs=
github.com/ethereum/go-ethereum v1.11.5 h1:3M1uan+LAUvdn+7wCEFrcMM4LJTeuxDrPTg/f31a5QQ=
github.com/ethereum/go-ethereum v1.11.5/go.mod h1:it7x0DWnTDMfVFdXcU6Ti4KEFQynLHVRarcSlPr0HBo=
github.com/golang/glog v1.1.1 h1:jxpi2eWoU84wbX9iIEyAeeoac3FLuifZpY9tcNUD9kw=
github.com/golang/glog v1.1.1/go.mod h1:zR+okUeTbrL6EL3xHUDxZuEtGv04p5shwip1+mL/rLQ=
github.com/google/uuid v1.3.0 h1:t6JiXgmwXMjEs8VusXIJk2BXHsn+wx8BZdTaoZ5fu7I=
github.com/google/uuid v1.3.0/go.mod h1:TIyPZe4MgqvfeYDBFedMoGGpEw/LqOeaOT+nhxU+yHo=
golang.org/x/crypto v0.7.0 h1:AvwMYaRytfdeVt3u6mLaxYtErKYjxA2OXjJ1HHq6t3A=
golang.org/x/crypto v0.7.0/go.mod h1:pYwdfH91IfpZVANVyUOhSIPZaFoJGxTFbZhFTx+dXZU=
golang.org/x/sys v0.6.0 h1:MVltZSvRTcU2ljQOhs94SXPftV6DCNnZViHeQps87pQ=
golang.org/x/sys v0.6.0/go.mod h1:oPkhp1MJrh7nUepCBck5+mAzfO9JrbApNNgaTdGDITg=
